// !$*UTF8*$!
{
	archiveVersion = 1;
	classes = {
	};
	objectVersion = 77;
	objects = {

/* Begin PBXBuildFile section */
		9551F2722E35926600DC87D7 /* FirebaseStorage in Frameworks */ = {isa = PBXBuildFile; productRef = 9551F2712E35926600DC87D7 /* FirebaseStorage */; };
		ED2405072E362BD40010177F /* (null) in Frameworks */ = {isa = PBXBuildFile; };
		ED2405AC2E37C1950010177F /* FirebaseStorage in Frameworks */ = {isa = PBXBuildFile; productRef = 9551F26F2E35923B00DC87D7 /* FirebaseStorage */; };
		ED98A7BA2E30E59B00F3D68C /* FirebaseDatabase in Frameworks */ = {isa = PBXBuildFile; productRef = ED98A7B92E30E59B00F3D68C /* FirebaseDatabase */; };
		ED98A7BC2E30E5BC00F3D68C /* FirebaseFirestore in Frameworks */ = {isa = PBXBuildFile; productRef = ED98A7BB2E30E5BC00F3D68C /* FirebaseFirestore */; };
		EDFD78812E27E5CA000D2EAF /* FirebaseAuth in Frameworks */ = {isa = PBXBuildFile; productRef = EDFD78802E27E5CA000D2EAF /* FirebaseAuth */; };
		EDFD78832E27E5D0000D2EAF /* FirebaseCore in Frameworks */ = {isa = PBXBuildFile; productRef = EDFD78822E27E5D0000D2EAF /* FirebaseCore */; };
/* End PBXBuildFile section */

/* Begin PBXContainerItemProxy section */
		EDADB22C2E254D4600EF08CC /* PBXContainerItemProxy */ = {
			isa = PBXContainerItemProxy;
			containerPortal = EDADB2162E254D4400EF08CC /* Project object */;
			proxyType = 1;
			remoteGlobalIDString = EDADB21D2E254D4400EF08CC;
			remoteInfo = Spotify;
		};
		EDADB2362E254D4600EF08CC /* PBXContainerItemProxy */ = {
			isa = PBXContainerItemProxy;
			containerPortal = EDADB2162E254D4400EF08CC /* Project object */;
			proxyType = 1;
			remoteGlobalIDString = EDADB21D2E254D4400EF08CC;
			remoteInfo = Spotify;
		};
/* End PBXContainerItemProxy section */

/* Begin PBXFileReference section */
		EDADB21E2E254D4400EF08CC /* Spotify.app */ = {isa = PBXFileReference; explicitFileType = wrapper.application; includeInIndex = 0; path = Spotify.app; sourceTree = BUILT_PRODUCTS_DIR; };
		EDADB22B2E254D4600EF08CC /* SpotifyTests.xctest */ = {isa = PBXFileReference; explicitFileType = wrapper.cfbundle; includeInIndex = 0; path = SpotifyTests.xctest; sourceTree = BUILT_PRODUCTS_DIR; };
		EDADB2352E254D4600EF08CC /* SpotifyUITests.xctest */ = {isa = PBXFileReference; explicitFileType = wrapper.cfbundle; includeInIndex = 0; path = SpotifyUITests.xctest; sourceTree = BUILT_PRODUCTS_DIR; };
/* End PBXFileReference section */

/* Begin PBXFileSystemSynchronizedBuildFileExceptionSet section */
		EDD950632E26A318003C2580 /* Exceptions for "Spotify" folder in "Spotify" target */ = {
			isa = PBXFileSystemSynchronizedBuildFileExceptionSet;
			membershipExceptions = (
				Info.plist,
			);
			target = EDADB21D2E254D4400EF08CC /* Spotify */;
		};
/* End PBXFileSystemSynchronizedBuildFileExceptionSet section */

/* Begin PBXFileSystemSynchronizedRootGroup section */
		EDADB2202E254D4400EF08CC /* Spotify */ = {
			isa = PBXFileSystemSynchronizedRootGroup;
			exceptions = (
				EDD950632E26A318003C2580 /* Exceptions for "Spotify" folder in "Spotify" target */,
			);
			path = Spotify;
			sourceTree = "<group>";
		};
		EDADB22E2E254D4600EF08CC /* SpotifyTests */ = {
			isa = PBXFileSystemSynchronizedRootGroup;
			path = SpotifyTests;
			sourceTree = "<group>";
		};
		EDADB2382E254D4600EF08CC /* SpotifyUITests */ = {
			isa = PBXFileSystemSynchronizedRootGroup;
			path = SpotifyUITests;
			sourceTree = "<group>";
		};
/* End PBXFileSystemSynchronizedRootGroup section */

/* Begin PBXFrameworksBuildPhase section */
		EDADB21B2E254D4400EF08CC /* Frameworks */ = {
			isa = PBXFrameworksBuildPhase;
			buildActionMask = 2147483647;
			files = (
				ED2405AC2E37C1950010177F /* FirebaseStorage in Frameworks */,
				ED98A7BA2E30E59B00F3D68C /* FirebaseDatabase in Frameworks */,
				ED98A7BC2E30E5BC00F3D68C /* FirebaseFirestore in Frameworks */,
				EDFD78832E27E5D0000D2EAF /* FirebaseCore in Frameworks */,
				ED2405072E362BD40010177F /* (null) in Frameworks */,
				EDFD78812E27E5CA000D2EAF /* FirebaseAuth in Frameworks */,
				9551F2722E35926600DC87D7 /* FirebaseStorage in Frameworks */,
			);
			runOnlyForDeploymentPostprocessing = 0;
		};
		EDADB2282E254D4600EF08CC /* Frameworks */ = {
			isa = PBXFrameworksBuildPhase;
			buildActionMask = 2147483647;
			files = (
			);
			runOnlyForDeploymentPostprocessing = 0;
		};
		EDADB2322E254D4600EF08CC /* Frameworks */ = {
			isa = PBXFrameworksBuildPhase;
			buildActionMask = 2147483647;
			files = (
			);
			runOnlyForDeploymentPostprocessing = 0;
		};
/* End PBXFrameworksBuildPhase section */

/* Begin PBXGroup section */
		EDADB2152E254D4400EF08CC = {
			isa = PBXGroup;
			children = (
				EDADB2202E254D4400EF08CC /* Spotify */,
				EDADB22E2E254D4600EF08CC /* SpotifyTests */,
				EDADB2382E254D4600EF08CC /* SpotifyUITests */,
				EDFD787F2E27E5CA000D2EAF /* Frameworks */,
				EDADB21F2E254D4400EF08CC /* Products */,
			);
			sourceTree = "<group>";
		};
		EDADB21F2E254D4400EF08CC /* Products */ = {
			isa = PBXGroup;
			children = (
				EDADB21E2E254D4400EF08CC /* Spotify.app */,
				EDADB22B2E254D4600EF08CC /* SpotifyTests.xctest */,
				EDADB2352E254D4600EF08CC /* SpotifyUITests.xctest */,
			);
			name = Products;
			sourceTree = "<group>";
		};
		EDFD787F2E27E5CA000D2EAF /* Frameworks */ = {
			isa = PBXGroup;
			children = (
			);
			name = Frameworks;
			sourceTree = "<group>";
		};
/* End PBXGroup section */

/* Begin PBXNativeTarget section */
		EDADB21D2E254D4400EF08CC /* Spotify */ = {
			isa = PBXNativeTarget;
			buildConfigurationList = EDADB23F2E254D4600EF08CC /* Build configuration list for PBXNativeTarget "Spotify" */;
			buildPhases = (
				EDADB21A2E254D4400EF08CC /* Sources */,
				EDADB21B2E254D4400EF08CC /* Frameworks */,
				EDADB21C2E254D4400EF08CC /* Resources */,
			);
			buildRules = (
			);
			dependencies = (
			);
			fileSystemSynchronizedGroups = (
				EDADB2202E254D4400EF08CC /* Spotify */,
			);
			name = Spotify;
			packageProductDependencies = (
				EDFD78802E27E5CA000D2EAF /* FirebaseAuth */,
				EDFD78822E27E5D0000D2EAF /* FirebaseCore */,
				ED98A7B92E30E59B00F3D68C /* FirebaseDatabase */,
				ED98A7BB2E30E5BC00F3D68C /* FirebaseFirestore */,
				9551F26F2E35923B00DC87D7 /* FirebaseStorage */,
				9551F2712E35926600DC87D7 /* FirebaseStorage */,
			);
			productName = Spotify;
			productReference = EDADB21E2E254D4400EF08CC /* Spotify.app */;
			productType = "com.apple.product-type.application";
		};
		EDADB22A2E254D4600EF08CC /* SpotifyTests */ = {
			isa = PBXNativeTarget;
			buildConfigurationList = EDADB2422E254D4600EF08CC /* Build configuration list for PBXNativeTarget "SpotifyTests" */;
			buildPhases = (
				EDADB2272E254D4600EF08CC /* Sources */,
				EDADB2282E254D4600EF08CC /* Frameworks */,
				EDADB2292E254D4600EF08CC /* Resources */,
			);
			buildRules = (
			);
			dependencies = (
				EDADB22D2E254D4600EF08CC /* PBXTargetDependency */,
			);
			fileSystemSynchronizedGroups = (
				EDADB22E2E254D4600EF08CC /* SpotifyTests */,
			);
			name = SpotifyTests;
			packageProductDependencies = (
			);
			productName = SpotifyTests;
			productReference = EDADB22B2E254D4600EF08CC /* SpotifyTests.xctest */;
			productType = "com.apple.product-type.bundle.unit-test";
		};
		EDADB2342E254D4600EF08CC /* SpotifyUITests */ = {
			isa = PBXNativeTarget;
			buildConfigurationList = EDADB2452E254D4600EF08CC /* Build configuration list for PBXNativeTarget "SpotifyUITests" */;
			buildPhases = (
				EDADB2312E254D4600EF08CC /* Sources */,
				EDADB2322E254D4600EF08CC /* Frameworks */,
				EDADB2332E254D4600EF08CC /* Resources */,
			);
			buildRules = (
			);
			dependencies = (
				EDADB2372E254D4600EF08CC /* PBXTargetDependency */,
			);
			fileSystemSynchronizedGroups = (
				EDADB2382E254D4600EF08CC /* SpotifyUITests */,
			);
			name = SpotifyUITests;
			packageProductDependencies = (
			);
			productName = SpotifyUITests;
			productReference = EDADB2352E254D4600EF08CC /* SpotifyUITests.xctest */;
			productType = "com.apple.product-type.bundle.ui-testing";
		};
/* End PBXNativeTarget section */

/* Begin PBXProject section */
		EDADB2162E254D4400EF08CC /* Project object */ = {
			isa = PBXProject;
			attributes = {
				BuildIndependentTargetsInParallel = 1;
				LastSwiftUpdateCheck = 1640;
				LastUpgradeCheck = 1640;
				TargetAttributes = {
					EDADB21D2E254D4400EF08CC = {
						CreatedOnToolsVersion = 16.4;
					};
					EDADB22A2E254D4600EF08CC = {
						CreatedOnToolsVersion = 16.4;
						TestTargetID = EDADB21D2E254D4400EF08CC;
					};
					EDADB2342E254D4600EF08CC = {
						CreatedOnToolsVersion = 16.4;
						TestTargetID = EDADB21D2E254D4400EF08CC;
					};
				};
			};
			buildConfigurationList = EDADB2192E254D4400EF08CC /* Build configuration list for PBXProject "Spotify" */;
			developmentRegion = en;
			hasScannedForEncodings = 0;
			knownRegions = (
				en,
				Base,
			);
			mainGroup = EDADB2152E254D4400EF08CC;
			minimizedProjectReferenceProxies = 1;
			packageReferences = (
				EDD950692E27C685003C2580 /* XCRemoteSwiftPackageReference "firebase-ios-sdk" */,
			);
			preferredProjectObjectVersion = 77;
			productRefGroup = EDADB21F2E254D4400EF08CC /* Products */;
			projectDirPath = "";
			projectRoot = "";
			targets = (
				EDADB21D2E254D4400EF08CC /* Spotify */,
				EDADB22A2E254D4600EF08CC /* SpotifyTests */,
				EDADB2342E254D4600EF08CC /* SpotifyUITests */,
			);
		};
/* End PBXProject section */

/* Begin PBXResourcesBuildPhase section */
		EDADB21C2E254D4400EF08CC /* Resources */ = {
			isa = PBXResourcesBuildPhase;
			buildActionMask = 2147483647;
			files = (
			);
			runOnlyForDeploymentPostprocessing = 0;
		};
		EDADB2292E254D4600EF08CC /* Resources */ = {
			isa = PBXResourcesBuildPhase;
			buildActionMask = 2147483647;
			files = (
			);
			runOnlyForDeploymentPostprocessing = 0;
		};
		EDADB2332E254D4600EF08CC /* Resources */ = {
			isa = PBXResourcesBuildPhase;
			buildActionMask = 2147483647;
			files = (
			);
			runOnlyForDeploymentPostprocessing = 0;
		};
/* End PBXResourcesBuildPhase section */

/* Begin PBXSourcesBuildPhase section */
		EDADB21A2E254D4400EF08CC /* Sources */ = {
			isa = PBXSourcesBuildPhase;
			buildActionMask = 2147483647;
			files = (
			);
			runOnlyForDeploymentPostprocessing = 0;
		};
		EDADB2272E254D4600EF08CC /* Sources */ = {
			isa = PBXSourcesBuildPhase;
			buildActionMask = 2147483647;
			files = (
			);
			runOnlyForDeploymentPostprocessing = 0;
		};
		EDADB2312E254D4600EF08CC /* Sources */ = {
			isa = PBXSourcesBuildPhase;
			buildActionMask = 2147483647;
			files = (
			);
			runOnlyForDeploymentPostprocessing = 0;
		};
/* End PBXSourcesBuildPhase section */

/* Begin PBXTargetDependency section */
		EDADB22D2E254D4600EF08CC /* PBXTargetDependency */ = {
			isa = PBXTargetDependency;
			target = EDADB21D2E254D4400EF08CC /* Spotify */;
			targetProxy = EDADB22C2E254D4600EF08CC /* PBXContainerItemProxy */;
		};
		EDADB2372E254D4600EF08CC /* PBXTargetDependency */ = {
			isa = PBXTargetDependency;
			target = EDADB21D2E254D4400EF08CC /* Spotify */;
			targetProxy = EDADB2362E254D4600EF08CC /* PBXContainerItemProxy */;
		};
/* End PBXTargetDependency section */

/* Begin XCBuildConfiguration section */
		EDADB23D2E254D4600EF08CC /* Debug */ = {
			isa = XCBuildConfiguration;
			buildSettings = {
				ALWAYS_SEARCH_USER_PATHS = NO;
				ASSETCATALOG_COMPILER_GENERATE_SWIFT_ASSET_SYMBOL_EXTENSIONS = YES;
				CLANG_ANALYZER_NONNULL = YES;
				CLANG_ANALYZER_NUMBER_OBJECT_CONVERSION = YES_AGGRESSIVE;
				CLANG_CXX_LANGUAGE_STANDARD = "gnu++20";
				CLANG_ENABLE_MODULES = YES;
				CLANG_ENABLE_OBJC_ARC = YES;
				CLANG_ENABLE_OBJC_WEAK = YES;
				CLANG_WARN_BLOCK_CAPTURE_AUTORELEASING = YES;
				CLANG_WARN_BOOL_CONVERSION = YES;
				CLANG_WARN_COMMA = YES;
				CLANG_WARN_CONSTANT_CONVERSION = YES;
				CLANG_WARN_DEPRECATED_OBJC_IMPLEMENTATIONS = YES;
				CLANG_WARN_DIRECT_OBJC_ISA_USAGE = YES_ERROR;
				CLANG_WARN_DOCUMENTATION_COMMENTS = YES;
				CLANG_WARN_EMPTY_BODY = YES;
				CLANG_WARN_ENUM_CONVERSION = YES;
				CLANG_WARN_INFINITE_RECURSION = YES;
				CLANG_WARN_INT_CONVERSION = YES;
				CLANG_WARN_NON_LITERAL_NULL_CONVERSION = YES;
				CLANG_WARN_OBJC_IMPLICIT_RETAIN_SELF = YES;
				CLANG_WARN_OBJC_LITERAL_CONVERSION = YES;
				CLANG_WARN_OBJC_ROOT_CLASS = YES_ERROR;
				CLANG_WARN_QUOTED_INCLUDE_IN_FRAMEWORK_HEADER = YES;
				CLANG_WARN_RANGE_LOOP_ANALYSIS = YES;
				CLANG_WARN_STRICT_PROTOTYPES = YES;
				CLANG_WARN_SUSPICIOUS_MOVE = YES;
				CLANG_WARN_UNGUARDED_AVAILABILITY = YES_AGGRESSIVE;
				CLANG_WARN_UNREACHABLE_CODE = YES;
				CLANG_WARN__DUPLICATE_METHOD_MATCH = YES;
				COPY_PHASE_STRIP = NO;
				DEBUG_INFORMATION_FORMAT = dwarf;
				DEVELOPMENT_TEAM = W6CZ5WU5HZ;
				ENABLE_STRICT_OBJC_MSGSEND = YES;
				ENABLE_TESTABILITY = YES;
				ENABLE_USER_SCRIPT_SANDBOXING = YES;
				GCC_C_LANGUAGE_STANDARD = gnu17;
				GCC_DYNAMIC_NO_PIC = NO;
				GCC_NO_COMMON_BLOCKS = YES;
				GCC_OPTIMIZATION_LEVEL = 0;
				GCC_PREPROCESSOR_DEFINITIONS = (
					"DEBUG=1",
					"$(inherited)",
				);
				GCC_WARN_64_TO_32_BIT_CONVERSION = YES;
				GCC_WARN_ABOUT_RETURN_TYPE = YES_ERROR;
				GCC_WARN_UNDECLARED_SELECTOR = YES;
				GCC_WARN_UNINITIALIZED_AUTOS = YES_AGGRESSIVE;
				GCC_WARN_UNUSED_FUNCTION = YES;
				GCC_WARN_UNUSED_VARIABLE = YES;
				IPHONEOS_DEPLOYMENT_TARGET = 18.5;
				LOCALIZATION_PREFERS_STRING_CATALOGS = YES;
				MTL_ENABLE_DEBUG_INFO = INCLUDE_SOURCE;
				MTL_FAST_MATH = YES;
				ONLY_ACTIVE_ARCH = YES;
				SDKROOT = iphoneos;
				SWIFT_ACTIVE_COMPILATION_CONDITIONS = "DEBUG $(inherited)";
				SWIFT_OPTIMIZATION_LEVEL = "-Onone";
			};
			name = Debug;
		};
		EDADB23E2E254D4600EF08CC /* Release */ = {
			isa = XCBuildConfiguration;
			buildSettings = {
				ALWAYS_SEARCH_USER_PATHS = NO;
				ASSETCATALOG_COMPILER_GENERATE_SWIFT_ASSET_SYMBOL_EXTENSIONS = YES;
				CLANG_ANALYZER_NONNULL = YES;
				CLANG_ANALYZER_NUMBER_OBJECT_CONVERSION = YES_AGGRESSIVE;
				CLANG_CXX_LANGUAGE_STANDARD = "gnu++20";
				CLANG_ENABLE_MODULES = YES;
				CLANG_ENABLE_OBJC_ARC = YES;
				CLANG_ENABLE_OBJC_WEAK = YES;
				CLANG_WARN_BLOCK_CAPTURE_AUTORELEASING = YES;
				CLANG_WARN_BOOL_CONVERSION = YES;
				CLANG_WARN_COMMA = YES;
				CLANG_WARN_CONSTANT_CONVERSION = YES;
				CLANG_WARN_DEPRECATED_OBJC_IMPLEMENTATIONS = YES;
				CLANG_WARN_DIRECT_OBJC_ISA_USAGE = YES_ERROR;
				CLANG_WARN_DOCUMENTATION_COMMENTS = YES;
				CLANG_WARN_EMPTY_BODY = YES;
				CLANG_WARN_ENUM_CONVERSION = YES;
				CLANG_WARN_INFINITE_RECURSION = YES;
				CLANG_WARN_INT_CONVERSION = YES;
				CLANG_WARN_NON_LITERAL_NULL_CONVERSION = YES;
				CLANG_WARN_OBJC_IMPLICIT_RETAIN_SELF = YES;
				CLANG_WARN_OBJC_LITERAL_CONVERSION = YES;
				CLANG_WARN_OBJC_ROOT_CLASS = YES_ERROR;
				CLANG_WARN_QUOTED_INCLUDE_IN_FRAMEWORK_HEADER = YES;
				CLANG_WARN_RANGE_LOOP_ANALYSIS = YES;
				CLANG_WARN_STRICT_PROTOTYPES = YES;
				CLANG_WARN_SUSPICIOUS_MOVE = YES;
				CLANG_WARN_UNGUARDED_AVAILABILITY = YES_AGGRESSIVE;
				CLANG_WARN_UNREACHABLE_CODE = YES;
				CLANG_WARN__DUPLICATE_METHOD_MATCH = YES;
				COPY_PHASE_STRIP = NO;
				DEBUG_INFORMATION_FORMAT = "dwarf-with-dsym";
				DEVELOPMENT_TEAM = W6CZ5WU5HZ;
				ENABLE_NS_ASSERTIONS = NO;
				ENABLE_STRICT_OBJC_MSGSEND = YES;
				ENABLE_USER_SCRIPT_SANDBOXING = YES;
				GCC_C_LANGUAGE_STANDARD = gnu17;
				GCC_NO_COMMON_BLOCKS = YES;
				GCC_WARN_64_TO_32_BIT_CONVERSION = YES;
				GCC_WARN_ABOUT_RETURN_TYPE = YES_ERROR;
				GCC_WARN_UNDECLARED_SELECTOR = YES;
				GCC_WARN_UNINITIALIZED_AUTOS = YES_AGGRESSIVE;
				GCC_WARN_UNUSED_FUNCTION = YES;
				GCC_WARN_UNUSED_VARIABLE = YES;
				IPHONEOS_DEPLOYMENT_TARGET = 18.5;
				LOCALIZATION_PREFERS_STRING_CATALOGS = YES;
				MTL_ENABLE_DEBUG_INFO = NO;
				MTL_FAST_MATH = YES;
				SDKROOT = iphoneos;
				SWIFT_COMPILATION_MODE = wholemodule;
				VALIDATE_PRODUCT = YES;
			};
			name = Release;
		};
		EDADB2402E254D4600EF08CC /* Debug */ = {
			isa = XCBuildConfiguration;
			buildSettings = {
				ASSETCATALOG_COMPILER_APPICON_NAME = AppIcon;
				ASSETCATALOG_COMPILER_GLOBAL_ACCENT_COLOR_NAME = AccentColor;
				CODE_SIGN_IDENTITY = "Apple Development";
				CODE_SIGN_STYLE = Automatic;
				CURRENT_PROJECT_VERSION = 1;
				DEVELOPMENT_TEAM = W6CZ5WU5HZ;
				ENABLE_PREVIEWS = YES;
				GENERATE_INFOPLIST_FILE = YES;
				INFOPLIST_FILE = Spotify/Info.plist;
				INFOPLIST_KEY_UIApplicationSceneManifest_Generation = YES;
				INFOPLIST_KEY_UIApplicationSupportsIndirectInputEvents = YES;
				INFOPLIST_KEY_UILaunchScreen_Generation = YES;
				INFOPLIST_KEY_UISupportedInterfaceOrientations_iPad = "UIInterfaceOrientationPortrait UIInterfaceOrientationPortraitUpsideDown UIInterfaceOrientationLandscapeLeft UIInterfaceOrientationLandscapeRight";
				INFOPLIST_KEY_UISupportedInterfaceOrientations_iPhone = "UIInterfaceOrientationPortrait UIInterfaceOrientationLandscapeLeft UIInterfaceOrientationLandscapeRight";
				LD_RUNPATH_SEARCH_PATHS = (
					"$(inherited)",
					"@executable_path/Frameworks",
				);
				MARKETING_VERSION = 1.0;
				PRODUCT_BUNDLE_IDENTIFIER = com.Alessandro.Spotifyclone;
				PRODUCT_NAME = "$(TARGET_NAME)";
				PROVISIONING_PROFILE_SPECIFIER = "";
				SWIFT_EMIT_LOC_STRINGS = YES;
				SWIFT_VERSION = 5.0;
				TARGETED_DEVICE_FAMILY = "1,2";
			};
			name = Debug;
		};
		EDADB2412E254D4600EF08CC /* Release */ = {
			isa = XCBuildConfiguration;
			buildSettings = {
				ASSETCATALOG_COMPILER_APPICON_NAME = AppIcon;
				ASSETCATALOG_COMPILER_GLOBAL_ACCENT_COLOR_NAME = AccentColor;
				CODE_SIGN_IDENTITY = "Apple Development";
				CODE_SIGN_STYLE = Automatic;
				CURRENT_PROJECT_VERSION = 1;
				DEVELOPMENT_TEAM = W6CZ5WU5HZ;
				ENABLE_PREVIEWS = YES;
				GENERATE_INFOPLIST_FILE = YES;
				INFOPLIST_FILE = Spotify/Info.plist;
				INFOPLIST_KEY_UIApplicationSceneManifest_Generation = YES;
				INFOPLIST_KEY_UIApplicationSupportsIndirectInputEvents = YES;
				INFOPLIST_KEY_UILaunchScreen_Generation = YES;
				INFOPLIST_KEY_UISupportedInterfaceOrientations_iPad = "UIInterfaceOrientationPortrait UIInterfaceOrientationPortraitUpsideDown UIInterfaceOrientationLandscapeLeft UIInterfaceOrientationLandscapeRight";
				INFOPLIST_KEY_UISupportedInterfaceOrientations_iPhone = "UIInterfaceOrientationPortrait UIInterfaceOrientationLandscapeLeft UIInterfaceOrientationLandscapeRight";
				LD_RUNPATH_SEARCH_PATHS = (
					"$(inherited)",
					"@executable_path/Frameworks",
				);
				MARKETING_VERSION = 1.0;
				PRODUCT_BUNDLE_IDENTIFIER = com.Alessandro.Spotifyclone;
				PRODUCT_NAME = "$(TARGET_NAME)";
				PROVISIONING_PROFILE_SPECIFIER = "";
				SWIFT_EMIT_LOC_STRINGS = YES;
				SWIFT_VERSION = 5.0;
				TARGETED_DEVICE_FAMILY = "1,2";
			};
			name = Release;
		};
		EDADB2432E254D4600EF08CC /* Debug */ = {
			isa = XCBuildConfiguration;
			buildSettings = {
				BUNDLE_LOADER = "$(TEST_HOST)";
				CODE_SIGN_STYLE = Automatic;
				CURRENT_PROJECT_VERSION = 1;
				DEVELOPMENT_TEAM = W6CZ5WU5HZ;
				GENERATE_INFOPLIST_FILE = YES;
				IPHONEOS_DEPLOYMENT_TARGET = 18.5;
				MARKETING_VERSION = 1.0;
				PRODUCT_BUNDLE_IDENTIFIER = com.SpotifyTests;
				PRODUCT_NAME = "$(TARGET_NAME)";
				SWIFT_EMIT_LOC_STRINGS = NO;
				SWIFT_VERSION = 5.0;
				TARGETED_DEVICE_FAMILY = "1,2";
				TEST_HOST = "$(BUILT_PRODUCTS_DIR)/Spotify.app/$(BUNDLE_EXECUTABLE_FOLDER_PATH)/Spotify";
			};
			name = Debug;
		};
		EDADB2442E254D4600EF08CC /* Release */ = {
			isa = XCBuildConfiguration;
			buildSettings = {
				BUNDLE_LOADER = "$(TEST_HOST)";
				CODE_SIGN_STYLE = Automatic;
				CURRENT_PROJECT_VERSION = 1;
				DEVELOPMENT_TEAM = W6CZ5WU5HZ;
				GENERATE_INFOPLIST_FILE = YES;
				IPHONEOS_DEPLOYMENT_TARGET = 18.5;
				MARKETING_VERSION = 1.0;
				PRODUCT_BUNDLE_IDENTIFIER = com.SpotifyTests;
				PRODUCT_NAME = "$(TARGET_NAME)";
				SWIFT_EMIT_LOC_STRINGS = NO;
				SWIFT_VERSION = 5.0;
				TARGETED_DEVICE_FAMILY = "1,2";
				TEST_HOST = "$(BUILT_PRODUCTS_DIR)/Spotify.app/$(BUNDLE_EXECUTABLE_FOLDER_PATH)/Spotify";
			};
			name = Release;
		};
		EDADB2462E254D4600EF08CC /* Debug */ = {
			isa = XCBuildConfiguration;
			buildSettings = {
				CODE_SIGN_STYLE = Automatic;
				CURRENT_PROJECT_VERSION = 1;
				DEVELOPMENT_TEAM = W6CZ5WU5HZ;
				GENERATE_INFOPLIST_FILE = YES;
				MARKETING_VERSION = 1.0;
				PRODUCT_BUNDLE_IDENTIFIER = com.SpotifyUITests;
				PRODUCT_NAME = "$(TARGET_NAME)";
				SWIFT_EMIT_LOC_STRINGS = NO;
				SWIFT_VERSION = 5.0;
				TARGETED_DEVICE_FAMILY = "1,2";
				TEST_TARGET_NAME = Spotify;
			};
			name = Debug;
		};
		EDADB2472E254D4600EF08CC /* Release */ = {
			isa = XCBuildConfiguration;
			buildSettings = {
				CODE_SIGN_STYLE = Automatic;
				CURRENT_PROJECT_VERSION = 1;
				DEVELOPMENT_TEAM = W6CZ5WU5HZ;
				GENERATE_INFOPLIST_FILE = YES;
				MARKETING_VERSION = 1.0;
				PRODUCT_BUNDLE_IDENTIFIER = com.SpotifyUITests;
				PRODUCT_NAME = "$(TARGET_NAME)";
				SWIFT_EMIT_LOC_STRINGS = NO;
				SWIFT_VERSION = 5.0;
				TARGETED_DEVICE_FAMILY = "1,2";
				TEST_TARGET_NAME = Spotify;
			};
			name = Release;
		};
/* End XCBuildConfiguration section */

/* Begin XCConfigurationList section */
		EDADB2192E254D4400EF08CC /* Build configuration list for PBXProject "Spotify" */ = {
			isa = XCConfigurationList;
			buildConfigurations = (
				EDADB23D2E254D4600EF08CC /* Debug */,
				EDADB23E2E254D4600EF08CC /* Release */,
			);
			defaultConfigurationIsVisible = 0;
			defaultConfigurationName = Release;
		};
		EDADB23F2E254D4600EF08CC /* Build configuration list for PBXNativeTarget "Spotify" */ = {
			isa = XCConfigurationList;
			buildConfigurations = (
				EDADB2402E254D4600EF08CC /* Debug */,
				EDADB2412E254D4600EF08CC /* Release */,
			);
			defaultConfigurationIsVisible = 0;
			defaultConfigurationName = Release;
		};
		EDADB2422E254D4600EF08CC /* Build configuration list for PBXNativeTarget "SpotifyTests" */ = {
			isa = XCConfigurationList;
			buildConfigurations = (
				EDADB2432E254D4600EF08CC /* Debug */,
				EDADB2442E254D4600EF08CC /* Release */,
			);
			defaultConfigurationIsVisible = 0;
			defaultConfigurationName = Release;
		};
		EDADB2452E254D4600EF08CC /* Build configuration list for PBXNativeTarget "SpotifyUITests" */ = {
			isa = XCConfigurationList;
			buildConfigurations = (
				EDADB2462E254D4600EF08CC /* Debug */,
				EDADB2472E254D4600EF08CC /* Release */,
			);
			defaultConfigurationIsVisible = 0;
			defaultConfigurationName = Release;
		};
/* End XCConfigurationList section */

/* Begin XCRemoteSwiftPackageReference section */
		EDD950692E27C685003C2580 /* XCRemoteSwiftPackageReference "firebase-ios-sdk" */ = {
			isa = XCRemoteSwiftPackageReference;
			repositoryURL = "https://github.com/firebase/firebase-ios-sdk";
			requirement = {
				kind = upToNextMajorVersion;
				minimumVersion = 12.0.0;
			};
		};
/* End XCRemoteSwiftPackageReference section */

/* Begin XCSwiftPackageProductDependency section */
		9551F26F2E35923B00DC87D7 /* FirebaseStorage */ = {
			isa = XCSwiftPackageProductDependency;
			productName = FirebaseStorage;
		};
		9551F2712E35926600DC87D7 /* FirebaseStorage */ = {
			isa = XCSwiftPackageProductDependency;
			productName = FirebaseStorage;
		};
		ED98A7B92E30E59B00F3D68C /* FirebaseDatabase */ = {
			isa = XCSwiftPackageProductDependency;
			package = EDD950692E27C685003C2580 /* XCRemoteSwiftPackageReference "firebase-ios-sdk" */;
			productName = FirebaseDatabase;
		};
		ED98A7BB2E30E5BC00F3D68C /* FirebaseFirestore */ = {
			isa = XCSwiftPackageProductDependency;
			package = EDD950692E27C685003C2580 /* XCRemoteSwiftPackageReference "firebase-ios-sdk" */;
			productName = FirebaseFirestore;
		};
		EDFD78802E27E5CA000D2EAF /* FirebaseAuth */ = {
			isa = XCSwiftPackageProductDependency;
			package = EDD950692E27C685003C2580 /* XCRemoteSwiftPackageReference "firebase-ios-sdk" */;
			productName = FirebaseAuth;
		};
		EDFD78822E27E5D0000D2EAF /* FirebaseCore */ = {
			isa = XCSwiftPackageProductDependency;
			package = EDD950692E27C685003C2580 /* XCRemoteSwiftPackageReference "firebase-ios-sdk" */;
			productName = FirebaseCore;
		};
/* End XCSwiftPackageProductDependency section */
	};
	rootObject = EDADB2162E254D4400EF08CC /* Project object */;
}
